
Microsoft Visual Studio Solution File, Format Version 12.00
# Visual Studio Version 17
VisualStudioVersion = 17.5.002.0
MinimumVisualStudioVersion = 10.0.40219.1
Project("{9A19103F-16F7-4668-BE54-9A1E7A4F7556}") = "Online_Shopping", "Online Shopping Final Project\Online_Shopping.csproj", "{6CE5AA76-BFA6-41D9-82BE-AB0C8B6F5E84}"
EndProject
Project("{9A19103F-16F7-4668-BE54-9A1E7A4F7556}") = "Online_Shopping.Client", "Online Shopping Final Project.Client\Online_Shopping.Client.csproj", "{E42D405C-B11A-41AB-B99A-95316E6E6E9D}"
EndProject
Global
	GlobalSection(SolutionConfigurationPlatforms) = preSolution
		Debug|Any CPU = Debug|Any CPU
		Release|Any CPU = Release|Any CPU
	EndGlobalSection
	GlobalSection(ProjectConfigurationPlatforms) = postSolution
		{6CE5AA76-BFA6-41D9-82BE-AB0C8B6F5E84}.Debug|Any CPU.ActiveCfg = Debug|Any CPU
		{6CE5AA76-BFA6-41D9-82BE-AB0C8B6F5E84}.Debug|Any CPU.Build.0 = Debug|Any CPU
		{6CE5AA76-BFA6-41D9-82BE-AB0C8B6F5E84}.Release|Any CPU.ActiveCfg = Release|Any CPU
		{6CE5AA76-BFA6-41D9-82BE-AB0C8B6F5E84}.Release|Any CPU.Build.0 = Release|Any CPU
		{E42D405C-B11A-41AB-B99A-95316E6E6E9D}.Debug|Any CPU.ActiveCfg = Debug|Any CPU
		{E42D405C-B11A-41AB-B99A-95316E6E6E9D}.Debug|Any CPU.Build.0 = Debug|Any CPU
		{E42D405C-B11A-41AB-B99A-95316E6E6E9D}.Release|Any CPU.ActiveCfg = Release|Any CPU
		{E42D405C-B11A-41AB-B99A-95316E6E6E9D}.Release|Any CPU.Build.0 = Release|Any CPU
	EndGlobalSection
	GlobalSection(SolutionProperties) = preSolution
		HideSolutionNode = FALSE
	EndGlobalSection
	GlobalSection(ExtensibilityGlobals) = postSolution
		SolutionGuid = {8010A936-93FA-4C2A-8521-663B922EBD72}
	EndGlobalSection
EndGlobal
